// !$*UTF8*$!
{
	archiveVersion = 1;
	classes = {
	};
	objectVersion = 55;
	objects = {

/* Begin PBXBuildFile section */
		BBFF6DAB27277451004D5A84 /* Freelance_LoggerApp.swift in Sources */ = {isa = PBXBuildFile; fileRef = BBFF6DAA27277451004D5A84 /* Freelance_LoggerApp.swift */; };
		BBFF6DAF27277453004D5A84 /* Assets.xcassets in Resources */ = {isa = PBXBuildFile; fileRef = BBFF6DAE27277453004D5A84 /* Assets.xcassets */; };
		BBFF6DB227277453004D5A84 /* Preview Assets.xcassets in Resources */ = {isa = PBXBuildFile; fileRef = BBFF6DB127277453004D5A84 /* Preview Assets.xcassets */; };
		BBFF6DBD272776DF004D5A84 /* RootNavView.swift in Sources */ = {isa = PBXBuildFile; fileRef = BBFF6DBC272776DF004D5A84 /* RootNavView.swift */; };
		BBFF6DBF27277823004D5A84 /* ProjectListView.swift in Sources */ = {isa = PBXBuildFile; fileRef = BBFF6DBE27277823004D5A84 /* ProjectListView.swift */; };
		BBFF6DC1272779F9004D5A84 /* CalculatorView.swift in Sources */ = {isa = PBXBuildFile; fileRef = BBFF6DC0272779F9004D5A84 /* CalculatorView.swift */; };
		BBFF6DC427278654004D5A84 /* Color+AppColors.swift in Sources */ = {isa = PBXBuildFile; fileRef = BBFF6DC327278654004D5A84 /* Color+AppColors.swift */; };
/* End PBXBuildFile section */

/* Begin PBXFileReference section */
		BBFF6DA727277451004D5A84 /* Freelance Logger.app */ = {isa = PBXFileReference; explicitFileType = wrapper.application; includeInIndex = 0; path = "Freelance Logger.app"; sourceTree = BUILT_PRODUCTS_DIR; };
		BBFF6DAA27277451004D5A84 /* Freelance_LoggerApp.swift */ = {isa = PBXFileReference; lastKnownFileType = sourcecode.swift; path = Freelance_LoggerApp.swift; sourceTree = "<group>"; };
		BBFF6DAE27277453004D5A84 /* Assets.xcassets */ = {isa = PBXFileReference; lastKnownFileType = folder.assetcatalog; path = Assets.xcassets; sourceTree = "<group>"; };
		BBFF6DB127277453004D5A84 /* Preview Assets.xcassets */ = {isa = PBXFileReference; lastKnownFileType = folder.assetcatalog; path = "Preview Assets.xcassets"; sourceTree = "<group>"; };
		BBFF6DBC272776DF004D5A84 /* RootNavView.swift */ = {isa = PBXFileReference; lastKnownFileType = sourcecode.swift; path = RootNavView.swift; sourceTree = "<group>"; };
		BBFF6DBE27277823004D5A84 /* ProjectListView.swift */ = {isa = PBXFileReference; lastKnownFileType = sourcecode.swift; path = ProjectListView.swift; sourceTree = "<group>"; };
		BBFF6DC0272779F9004D5A84 /* CalculatorView.swift */ = {isa = PBXFileReference; lastKnownFileType = sourcecode.swift; path = CalculatorView.swift; sourceTree = "<group>"; };
		BBFF6DC327278654004D5A84 /* Color+AppColors.swift */ = {isa = PBXFileReference; lastKnownFileType = sourcecode.swift; name = "Color+AppColors.swift"; path = "Freelance Logger/Color+AppColors.swift"; sourceTree = SOURCE_ROOT; };
/* End PBXFileReference section */

/* Begin PBXFrameworksBuildPhase section */
		BBFF6DA427277451004D5A84 /* Frameworks */ = {
			isa = PBXFrameworksBuildPhase;
			buildActionMask = 2147483647;
			files = (
			);
			runOnlyForDeploymentPostprocessing = 0;
		};
/* End PBXFrameworksBuildPhase section */

/* Begin PBXGroup section */
		BBFF6D9E27277451004D5A84 = {
			isa = PBXGroup;
			children = (
				BBFF6DA927277451004D5A84 /* Freelance Logger */,
				BBFF6DA827277451004D5A84 /* Products */,
			);
			sourceTree = "<group>";
		};
		BBFF6DA827277451004D5A84 /* Products */ = {
			isa = PBXGroup;
			children = (
				BBFF6DA727277451004D5A84 /* Freelance Logger.app */,
			);
			name = Products;
			sourceTree = "<group>";
		};
		BBFF6DA927277451004D5A84 /* Freelance Logger */ = {
			isa = PBXGroup;
			children = (
				BBFF6DAA27277451004D5A84 /* Freelance_LoggerApp.swift */,
				BBFF6DBB27277539004D5A84 /* Models */,
				BBFF6DBA2727752E004D5A84 /* View Models */,
				BBFF6DB927277526004D5A84 /* Views */,
				BBFF6DC22727862F004D5A84 /* Extensions */,
				BBFF6DB82727745E004D5A84 /* Supporting Files */,
				BBFF6DAE27277453004D5A84 /* Assets.xcassets */,
				BBFF6DB027277453004D5A84 /* Preview Content */,
			);
			path = "Freelance Logger";
			sourceTree = "<group>";
		};
		BBFF6DB027277453004D5A84 /* Preview Content */ = {
			isa = PBXGroup;
			children = (
				BBFF6DB127277453004D5A84 /* Preview Assets.xcassets */,
			);
			path = "Preview Content";
			sourceTree = "<group>";
		};
		BBFF6DB82727745E004D5A84 /* Supporting Files */ = {
			isa = PBXGroup;
			children = (
			);
			name = "Supporting Files";
			sourceTree = "<group>";
		};
		BBFF6DB927277526004D5A84 /* Views */ = {
			isa = PBXGroup;
			children = (
				BBFF6DBC272776DF004D5A84 /* RootNavView.swift */,
				BBFF6DBE27277823004D5A84 /* ProjectListView.swift */,
				BBFF6DC0272779F9004D5A84 /* CalculatorView.swift */,
			);
			path = Views;
			sourceTree = "<group>";
		};
		BBFF6DBA2727752E004D5A84 /* View Models */ = {
			isa = PBXGroup;
			children = (
			);
			path = "View Models";
			sourceTree = "<group>";
		};
		BBFF6DBB27277539004D5A84 /* Models */ = {
			isa = PBXGroup;
			children = (
			);
			path = Models;
			sourceTree = "<group>";
		};
		BBFF6DC22727862F004D5A84 /* Extensions */ = {
			isa = PBXGroup;
			children = (
				BBFF6DC327278654004D5A84 /* Color+AppColors.swift */,
			);
			path = Extensions;
			sourceTree = "<group>";
		};
/* End PBXGroup section */

/* Begin PBXNativeTarget section */
		BBFF6DA627277451004D5A84 /* Freelance Logger */ = {
			isa = PBXNativeTarget;
			buildConfigurationList = BBFF6DB527277453004D5A84 /* Build configuration list for PBXNativeTarget "Freelance Logger" */;
			buildPhases = (
				BBFF6DA327277451004D5A84 /* Sources */,
				BBFF6DA427277451004D5A84 /* Frameworks */,
				BBFF6DA527277451004D5A84 /* Resources */,
			);
			buildRules = (
			);
			dependencies = (
			);
			name = "Freelance Logger";
			productName = "Freelance Logger";
			productReference = BBFF6DA727277451004D5A84 /* Freelance Logger.app */;
			productType = "com.apple.product-type.application";
		};
/* End PBXNativeTarget section */

/* Begin PBXProject section */
		BBFF6D9F27277451004D5A84 /* Project object */ = {
			isa = PBXProject;
			attributes = {
				BuildIndependentTargetsInParallel = 1;
				LastSwiftUpdateCheck = 1300;
				LastUpgradeCheck = 1300;
				TargetAttributes = {
					BBFF6DA627277451004D5A84 = {
						CreatedOnToolsVersion = 13.0;
					};
				};
			};
			buildConfigurationList = BBFF6DA227277451004D5A84 /* Build configuration list for PBXProject "Freelance Logger" */;
			compatibilityVersion = "Xcode 13.0";
			developmentRegion = en;
			hasScannedForEncodings = 0;
			knownRegions = (
				en,
				Base,
			);
			mainGroup = BBFF6D9E27277451004D5A84;
			productRefGroup = BBFF6DA827277451004D5A84 /* Products */;
			projectDirPath = "";
			projectRoot = "";
			targets = (
				BBFF6DA627277451004D5A84 /* Freelance Logger */,
			);
		};
/* End PBXProject section */

/* Begin PBXResourcesBuildPhase section */
		BBFF6DA527277451004D5A84 /* Resources */ = {
			isa = PBXResourcesBuildPhase;
			buildActionMask = 2147483647;
			files = (
				BBFF6DB227277453004D5A84 /* Preview Assets.xcassets in Resources */,
				BBFF6DAF27277453004D5A84 /* Assets.xcassets in Resources */,
			);
			runOnlyForDeploymentPostprocessing = 0;
		};
/* End PBXResourcesBuildPhase section */

/* Begin PBXSourcesBuildPhase section */
		BBFF6DA327277451004D5A84 /* Sources */ = {
			isa = PBXSourcesBuildPhase;
			buildActionMask = 2147483647;
			files = (
				BBFF6DC1272779F9004D5A84 /* CalculatorView.swift in Sources */,
				BBFF6DAB27277451004D5A84 /* Freelance_LoggerApp.swift in Sources */,
				BBFF6DBF27277823004D5A84 /* ProjectListView.swift in Sources */,
				BBFF6DBD272776DF004D5A84 /* RootNavView.swift in Sources */,
				BBFF6DC427278654004D5A84 /* Color+AppColors.swift in Sources */,
			);
			runOnlyForDeploymentPostprocessing = 0;
		};
/* End PBXSourcesBuildPhase section */

/* Begin XCBuildConfiguration section */
		BBFF6DB327277453004D5A84 /* Debug */ = {
			isa = XCBuildConfiguration;
			buildSettings = {
				ALWAYS_SEARCH_USER_PATHS = NO;
				CLANG_ANALYZER_NONNULL = YES;
				CLANG_ANALYZER_NUMBER_OBJECT_CONVERSION = YES_AGGRESSIVE;
				CLANG_CXX_LANGUAGE_STANDARD = "gnu++17";
				CLANG_CXX_LIBRARY = "libc++";
				CLANG_ENABLE_MODULES = YES;
				CLANG_ENABLE_OBJC_ARC = YES;
				CLANG_ENABLE_OBJC_WEAK = YES;
				CLANG_WARN_BLOCK_CAPTURE_AUTORELEASING = YES;
				CLANG_WARN_BOOL_CONVERSION = YES;
				CLANG_WARN_COMMA = YES;
				CLANG_WARN_CONSTANT_CONVERSION = YES;
				CLANG_WARN_DEPRECATED_OBJC_IMPLEMENTATIONS = YES;
				CLANG_WARN_DIRECT_OBJC_ISA_USAGE = YES_ERROR;
				CLANG_WARN_DOCUMENTATION_COMMENTS = YES;
				CLANG_WARN_EMPTY_BODY = YES;
				CLANG_WARN_ENUM_CONVERSION = YES;
				CLANG_WARN_INFINITE_RECURSION = YES;
				CLANG_WARN_INT_CONVERSION = YES;
				CLANG_WARN_NON_LITERAL_NULL_CONVERSION = YES;
				CLANG_WARN_OBJC_IMPLICIT_RETAIN_SELF = YES;
				CLANG_WARN_OBJC_LITERAL_CONVERSION = YES;
				CLANG_WARN_OBJC_ROOT_CLASS = YES_ERROR;
				CLANG_WARN_QUOTED_INCLUDE_IN_FRAMEWORK_HEADER = YES;
				CLANG_WARN_RANGE_LOOP_ANALYSIS = YES;
				CLANG_WARN_STRICT_PROTOTYPES = YES;
				CLANG_WARN_SUSPICIOUS_MOVE = YES;
				CLANG_WARN_UNGUARDED_AVAILABILITY = YES_AGGRESSIVE;
				CLANG_WARN_UNREACHABLE_CODE = YES;
				CLANG_WARN__DUPLICATE_METHOD_MATCH = YES;
				COPY_PHASE_STRIP = NO;
				DEBUG_INFORMATION_FORMAT = dwarf;
				ENABLE_STRICT_OBJC_MSGSEND = YES;
				ENABLE_TESTABILITY = YES;
				GCC_C_LANGUAGE_STANDARD = gnu11;
				GCC_DYNAMIC_NO_PIC = NO;
				GCC_NO_COMMON_BLOCKS = YES;
				GCC_OPTIMIZATION_LEVEL = 0;
				GCC_PREPROCESSOR_DEFINITIONS = (
					"DEBUG=1",
					"$(inherited)",
				);
				GCC_WARN_64_TO_32_BIT_CONVERSION = YES;
				GCC_WARN_ABOUT_RETURN_TYPE = YES_ERROR;
				GCC_WARN_UNDECLARED_SELECTOR = YES;
				GCC_WARN_UNINITIALIZED_AUTOS = YES_AGGRESSIVE;
				GCC_WARN_UNUSED_FUNCTION = YES;
				GCC_WARN_UNUSED_VARIABLE = YES;
				IPHONEOS_DEPLOYMENT_TARGET = 15.0;
				MTL_ENABLE_DEBUG_INFO = INCLUDE_SOURCE;
				MTL_FAST_MATH = YES;
				ONLY_ACTIVE_ARCH = YES;
				SDKROOT = iphoneos;
				SWIFT_ACTIVE_COMPILATION_CONDITIONS = DEBUG;
				SWIFT_OPTIMIZATION_LEVEL = "-Onone";
			};
			name = Debug;
		};
		BBFF6DB427277453004D5A84 /* Release */ = {
			isa = XCBuildConfiguration;
			buildSettings = {
				ALWAYS_SEARCH_USER_PATHS = NO;
				CLANG_ANALYZER_NONNULL = YES;
				CLANG_ANALYZER_NUMBER_OBJECT_CONVERSION = YES_AGGRESSIVE;
				CLANG_CXX_LANGUAGE_STANDARD = "gnu++17";
				CLANG_CXX_LIBRARY = "libc++";
				CLANG_ENABLE_MODULES = YES;
				CLANG_ENABLE_OBJC_ARC = YES;
				CLANG_ENABLE_OBJC_WEAK = YES;
				CLANG_WARN_BLOCK_CAPTURE_AUTORELEASING = YES;
				CLANG_WARN_BOOL_CONVERSION = YES;
				CLANG_WARN_COMMA = YES;
				CLANG_WARN_CONSTANT_CONVERSION = YES;
				CLANG_WARN_DEPRECATED_OBJC_IMPLEMENTATIONS = YES;
				CLANG_WARN_DIRECT_OBJC_ISA_USAGE = YES_ERROR;
				CLANG_WARN_DOCUMENTATION_COMMENTS = YES;
				CLANG_WARN_EMPTY_BODY = YES;
				CLANG_WARN_ENUM_CONVERSION = YES;
				CLANG_WARN_INFINITE_RECURSION = YES;
				CLANG_WARN_INT_CONVERSION = YES;
				CLANG_WARN_NON_LITERAL_NULL_CONVERSION = YES;
				CLANG_WARN_OBJC_IMPLICIT_RETAIN_SELF = YES;
				CLANG_WARN_OBJC_LITERAL_CONVERSION = YES;
				CLANG_WARN_OBJC_ROOT_CLASS = YES_ERROR;
				CLANG_WARN_QUOTED_INCLUDE_IN_FRAMEWORK_HEADER = YES;
				CLANG_WARN_RANGE_LOOP_ANALYSIS = YES;
				CLANG_WARN_STRICT_PROTOTYPES = YES;
				CLANG_WARN_SUSPICIOUS_MOVE = YES;
				CLANG_WARN_UNGUARDED_AVAILABILITY = YES_AGGRESSIVE;
				CLANG_WARN_UNREACHABLE_CODE = YES;
				CLANG_WARN__DUPLICATE_METHOD_MATCH = YES;
				COPY_PHASE_STRIP = NO;
				DEBUG_INFORMATION_FORMAT = "dwarf-with-dsym";
				ENABLE_NS_ASSERTIONS = NO;
				ENABLE_STRICT_OBJC_MSGSEND = YES;
				GCC_C_LANGUAGE_STANDARD = gnu11;
				GCC_NO_COMMON_BLOCKS = YES;
				GCC_WARN_64_TO_32_BIT_CONVERSION = YES;
				GCC_WARN_ABOUT_RETURN_TYPE = YES_ERROR;
				GCC_WARN_UNDECLARED_SELECTOR = YES;
				GCC_WARN_UNINITIALIZED_AUTOS = YES_AGGRESSIVE;
				GCC_WARN_UNUSED_FUNCTION = YES;
				GCC_WARN_UNUSED_VARIABLE = YES;
				IPHONEOS_DEPLOYMENT_TARGET = 15.0;
				MTL_ENABLE_DEBUG_INFO = NO;
				MTL_FAST_MATH = YES;
				SDKROOT = iphoneos;
				SWIFT_COMPILATION_MODE = wholemodule;
				SWIFT_OPTIMIZATION_LEVEL = "-O";
				VALIDATE_PRODUCT = YES;
			};
			name = Release;
		};
		BBFF6DB627277453004D5A84 /* Debug */ = {
			isa = XCBuildConfiguration;
			buildSettings = {
				ASSETCATALOG_COMPILER_APPICON_NAME = AppIcon;
				ASSETCATALOG_COMPILER_GLOBAL_ACCENT_COLOR_NAME = AccentColor;
				CODE_SIGN_STYLE = Automatic;
				CURRENT_PROJECT_VERSION = 1;
				DEVELOPMENT_ASSET_PATHS = "\"Freelance Logger/Preview Content\"";
				DEVELOPMENT_TEAM = UL3RBMBKF2;
				ENABLE_PREVIEWS = YES;
				GENERATE_INFOPLIST_FILE = YES;
				INFOPLIST_KEY_UIApplicationSceneManifest_Generation = YES;
				INFOPLIST_KEY_UIApplicationSupportsIndirectInputEvents = YES;
				INFOPLIST_KEY_UILaunchScreen_Generation = YES;
				INFOPLIST_KEY_UISupportedInterfaceOrientations_iPad = "UIInterfaceOrientationPortrait UIInterfaceOrientationPortraitUpsideDown UIInterfaceOrientationLandscapeLeft UIInterfaceOrientationLandscapeRight";
				INFOPLIST_KEY_UISupportedInterfaceOrientations_iPhone = "UIInterfaceOrientationPortrait UIInterfaceOrientationLandscapeLeft UIInterfaceOrientationLandscapeRight";
				IPHONEOS_DEPLOYMENT_TARGET = 14.0;
				LD_RUNPATH_SEARCH_PATHS = (
					"$(inherited)",
					"@executable_path/Frameworks",
				);
				MARKETING_VERSION = 1.0;
				PRODUCT_BUNDLE_IDENTIFIER = "com.lowe.freelancelogger.Freelance-Logger";
				PRODUCT_NAME = "$(TARGET_NAME)";
				SWIFT_EMIT_LOC_STRINGS = YES;
				SWIFT_VERSION = 5.0;
				TARGETED_DEVICE_FAMILY = "1,2";
			};
			name = Debug;
		};
		BBFF6DB727277453004D5A84 /* Release */ = {
			isa = XCBuildConfiguration;
			buildSettings = {
				ASSETCATALOG_COMPILER_APPICON_NAME = AppIcon;
				ASSETCATALOG_COMPILER_GLOBAL_ACCENT_COLOR_NAME = AccentColor;
				CODE_SIGN_STYLE = Automatic;
				CURRENT_PROJECT_VERSION = 1;
				DEVELOPMENT_ASSET_PATHS = "\"Freelance Logger/Preview Content\"";
				DEVELOPMENT_TEAM = UL3RBMBKF2;
				ENABLE_PREVIEWS = YES;
				GENERATE_INFOPLIST_FILE = YES;
				INFOPLIST_KEY_UIApplicationSceneManifest_Generation = YES;
				INFOPLIST_KEY_UIApplicationSupportsIndirectInputEvents = YES;
				INFOPLIST_KEY_UILaunchScreen_Generation = YES;
				INFOPLIST_KEY_UISupportedInterfaceOrientations_iPad = "UIInterfaceOrientationPortrait UIInterfaceOrientationPortraitUpsideDown UIInterfaceOrientationLandscapeLeft UIInterfaceOrientationLandscapeRight";
				INFOPLIST_KEY_UISupportedInterfaceOrientations_iPhone = "UIInterfaceOrientationPortrait UIInterfaceOrientationLandscapeLeft UIInterfaceOrientationLandscapeRight";
				IPHONEOS_DEPLOYMENT_TARGET = 14.0;
				LD_RUNPATH_SEARCH_PATHS = (
					"$(inherited)",
					"@executable_path/Frameworks",
				);
				MARKETING_VERSION = 1.0;
				PRODUCT_BUNDLE_IDENTIFIER = "com.lowe.freelancelogger.Freelance-Logger";
				PRODUCT_NAME = "$(TARGET_NAME)";
				SWIFT_EMIT_LOC_STRINGS = YES;
				SWIFT_VERSION = 5.0;
				TARGETED_DEVICE_FAMILY = "1,2";
			};
			name = Release;
		};
/* End XCBuildConfiguration section */

/* Begin XCConfigurationList section */
		BBFF6DA227277451004D5A84 /* Build configuration list for PBXProject "Freelance Logger" */ = {
			isa = XCConfigurationList;
			buildConfigurations = (
				BBFF6DB327277453004D5A84 /* Debug */,
				BBFF6DB427277453004D5A84 /* Release */,
			);
			defaultConfigurationIsVisible = 0;
			defaultConfigurationName = Release;
		};
		BBFF6DB527277453004D5A84 /* Build configuration list for PBXNativeTarget "Freelance Logger" */ = {
			isa = XCConfigurationList;
			buildConfigurations = (
				BBFF6DB627277453004D5A84 /* Debug */,
				BBFF6DB727277453004D5A84 /* Release */,
			);
			defaultConfigurationIsVisible = 0;
			defaultConfigurationName = Release;
		};
/* End XCConfigurationList section */
	};
	rootObject = BBFF6D9F27277451004D5A84 /* Project object */;
}
